<?xml version="1.0" encoding="utf-8"?>
<Project ToolsVersion="4.0" xmlns="http://schemas.microsoft.com/developer/msbuild/2003">
  <ItemGroup>
    <ClCompile Include="AStar.cpp" />
    <ClCompile Include="IDAStar.cpp" />
    <ClCompile Include="main.cpp" />
    <ClCompile Include="Metrics.cpp" />
    <ClCompile Include="Pathfinding.cpp" />
    <ClCompile Include="ThetaStar.cpp" />
    <ClCompile Include="MapReader.cpp" />
  </ItemGroup>
  <ItemGroup>
    <ClInclude Include="AIUtil.h" />
    <ClInclude Include="AStar.h" />
    <ClInclude Include="Heap.h" />
    <ClInclude Include="IDAStar.h" />
    <ClInclude Include="HPAStar.h" />
    <ClInclude Include="Metrics.h" />
    <ClInclude Include="Nodes.h" />
    <ClInclude Include="Pathfinding.h" />
    <ClInclude Include="ThetaStar.h" />
    <ClInclude Include="MapReader.h" />
  </ItemGroup>
</Project>